{
  "schema": 1,
  "repositories": [
    {
      "name": "hw_odin_devlog",
      "path": "../odin_libraries/hw_odin_devlog",
      "url": "https://github.com/MartinMikusat/hw_odin_devlog.git",
      "revision": "58da74b1830712bfad7057d6c1401bbe423e3a63"
    },
    {
      "name": "hw_odin_ui_framework",
      "path": "../odin_libraries/hw_odin_ui_framework",
      "url": "https://github.com/MartinMikusat/hw_odin_ui_framework.git",
      "revision": "bdd1bd5145b2acd6cd0434ac4bb6fd659e6ae8e0"
    },
    {
      "name": "hw_odin_ui_components",
      "path": "../odin_libraries/hw_odin_ui_components",
      "url": "https://github.com/MartinMikusat/hw_odin_ui_components.git",
      "revision": "678179ea44b0ae06fc15f8a4744a01648ff4f11f"
    },
    {
      "name": "hw_odin_diagnostics",
      "path": "../odin_libraries/hw_odin_diagnostics",
      "url": "https://github.com/MartinMikusat/hw_odin_diagnostics.git",
      "revision": "7e64f876237f965bfa86d5a2b2be30134bd0338f"
    },
    {
      "name": "hw_odin_native_update",
      "path": "../odin_libraries/hw_odin_native_update",
      "url": "https://github.com/MartinMikusat/hw_odin_native_update.git",
      "revision": "7877779dd866d73ac5edacf9aad0107802b058bc"
    }
  ]
}
