{
  "schema": 1,
  "repositories": [
    {
      "name": "hw_odin_devlog",
      "path": "../odin_libraries/hw_odin_devlog",
      "url": "https://github.com/MartinMikusat/hw_odin_devlog.git",
      "revision": "58da74b1830712bfad7057d6c1401bbe423e3a63"
    },
    {
      "name": "hw_odin_ui_framework",
      "path": "../odin_libraries/hw_odin_ui_framework",
      "url": "https://github.com/MartinMikusat/hw_odin_ui_framework.git",
      "revision": "88818cbac68d61bcc2afeee42c59abf0104fa1c6"
    },
    {
      "name": "hw_odin_ui_components",
      "path": "../odin_libraries/hw_odin_ui_components",
      "url": "https://github.com/MartinMikusat/hw_odin_ui_components.git",
      "revision": "678179ea44b0ae06fc15f8a4744a01648ff4f11f"
    }
  ]
}
