{
  "schema": 1,
  "repositories": [
    {
      "name": "hw_odin_delta_support",
      "path": "../odin_libraries/hw_odin_delta_support",
      "url": "https://github.com/MartinMikusat/hw_odin_delta_support.git",
      "revision": "d0ca3b7ef1135842a628630e661c691f352d9a45"
    },
    {
      "name": "hw_odin_devlog",
      "path": "../odin_libraries/hw_odin_devlog",
      "url": "https://github.com/MartinMikusat/hw_odin_devlog.git",
      "revision": "9aa4617aee83788abe29030c1b55f24ae834fd02"
    },
    {
      "name": "hw_odin_ui_framework",
      "path": "../odin_libraries/hw_odin_ui_framework",
      "url": "https://github.com/MartinMikusat/hw_odin_ui_framework.git",
      "revision": "88818cbac68d61bcc2afeee42c59abf0104fa1c6"
    }
  ]
}
